
Microsoft Visual Studio Solution File, Format Version 12.00
# Visual Studio 2013
Project("{FAE04EC0-301F-11D3-BF4B-00C04F79EFBC}") = "UnityVS.RtsCameraTest.CSharp", "UnityVS.RtsCameraTest.CSharp.csproj", "{0D3AA601-84CB-984A-68CC-04A92319C1FC}"
EndProject
Global
	GlobalSection(SolutionConfigurationPlatforms) = preSolution
		Debug|Any CPU = Debug|Any CPU
		Release|Any CPU = Release|Any CPU
	EndGlobalSection
	GlobalSection(ProjectConfigurationPlatforms) = postSolution
		{0D3AA601-84CB-984A-68CC-04A92319C1FC}.Debug|Any CPU.ActiveCfg = Debug|Any CPU
		{0D3AA601-84CB-984A-68CC-04A92319C1FC}.Debug|Any CPU.Build.0 = Debug|Any CPU
		{0D3AA601-84CB-984A-68CC-04A92319C1FC}.Release|Any CPU.ActiveCfg = Release|Any CPU
		{0D3AA601-84CB-984A-68CC-04A92319C1FC}.Release|Any CPU.Build.0 = Release|Any CPU
	EndGlobalSection
	GlobalSection(SolutionProperties) = preSolution
		HideSolutionNode = FALSE
	EndGlobalSection
EndGlobal
