
Microsoft Visual Studio Solution File, Format Version 12.00
# Visual Studio 2013
Project("{FAE04EC0-301F-11D3-BF4B-00C04F79EFBC}") = "UnityVS.NectarTest.CSharp", "UnityVS.NectarTest.CSharp.csproj", "{0F8CB212-30D9-4BCF-7970-A5D14E4A8E76}"
EndProject
Project("{FAE04EC0-301F-11D3-BF4B-00C04F79EFBC}") = "UnityVS.NectarTest.CSharp.Plugins", "UnityVS.NectarTest.CSharp.Plugins.csproj", "{7028BE2A-1708-3C29-6638-7766B8F7A1B3}"
EndProject
Global
	GlobalSection(SolutionConfigurationPlatforms) = preSolution
		Debug|Any CPU = Debug|Any CPU
		Release|Any CPU = Release|Any CPU
	EndGlobalSection
	GlobalSection(ProjectConfigurationPlatforms) = postSolution
		{0F8CB212-30D9-4BCF-7970-A5D14E4A8E76}.Debug|Any CPU.ActiveCfg = Debug|Any CPU
		{0F8CB212-30D9-4BCF-7970-A5D14E4A8E76}.Debug|Any CPU.Build.0 = Debug|Any CPU
		{0F8CB212-30D9-4BCF-7970-A5D14E4A8E76}.Release|Any CPU.ActiveCfg = Release|Any CPU
		{0F8CB212-30D9-4BCF-7970-A5D14E4A8E76}.Release|Any CPU.Build.0 = Release|Any CPU
		{7028BE2A-1708-3C29-6638-7766B8F7A1B3}.Debug|Any CPU.ActiveCfg = Debug|Any CPU
		{7028BE2A-1708-3C29-6638-7766B8F7A1B3}.Debug|Any CPU.Build.0 = Debug|Any CPU
		{7028BE2A-1708-3C29-6638-7766B8F7A1B3}.Release|Any CPU.ActiveCfg = Release|Any CPU
		{7028BE2A-1708-3C29-6638-7766B8F7A1B3}.Release|Any CPU.Build.0 = Release|Any CPU
	EndGlobalSection
	GlobalSection(SolutionProperties) = preSolution
		HideSolutionNode = FALSE
	EndGlobalSection
EndGlobal
